
Microsoft Visual Studio Solution File, Format Version 12.00
# Visual Studio Version 17
VisualStudioVersion = 17.9.34622.214
MinimumVisualStudioVersion = 10.0.40219.1
Project("{9A19103F-16F7-4668-BE54-9A1E7A4F7556}") = "NineChronicles.Mods.Athena", "NineChronicles.Mods.Athena\NineChronicles.Mods.Athena.csproj", "{DE1CA732-244E-488E-8F92-81D37A695DB6}"
EndProject
Project("{FAE04EC0-301F-11D3-BF4B-00C04F79EFBC}") = "NineChronicles.Mods.Wallet", "NineChronicles.Mods.Wallet\NineChronicles.Mods.Wallet.csproj", "{DFF5F23B-756A-4203-92C1-DD209D34964D}"
EndProject
Project("{FAE04EC0-301F-11D3-BF4B-00C04F79EFBC}") = "NineChronicles.Mods.Shared", "NineChronicles.Mods.Shared\NineChronicles.Mods.Shared.csproj", "{2BE461C3-D763-4908-B1FA-79F028871383}"
EndProject
Global
	GlobalSection(SolutionConfigurationPlatforms) = preSolution
		Debug|Any CPU = Debug|Any CPU
		Release|Any CPU = Release|Any CPU
	EndGlobalSection
	GlobalSection(ProjectConfigurationPlatforms) = postSolution
		{DE1CA732-244E-488E-8F92-81D37A695DB6}.Debug|Any CPU.ActiveCfg = Debug|Any CPU
		{DE1CA732-244E-488E-8F92-81D37A695DB6}.Debug|Any CPU.Build.0 = Debug|Any CPU
		{DE1CA732-244E-488E-8F92-81D37A695DB6}.Release|Any CPU.ActiveCfg = Release|Any CPU
		{DE1CA732-244E-488E-8F92-81D37A695DB6}.Release|Any CPU.Build.0 = Release|Any CPU
		{DFF5F23B-756A-4203-92C1-DD209D34964D}.Debug|Any CPU.ActiveCfg = Debug|Any CPU
		{DFF5F23B-756A-4203-92C1-DD209D34964D}.Debug|Any CPU.Build.0 = Debug|Any CPU
		{DFF5F23B-756A-4203-92C1-DD209D34964D}.Release|Any CPU.ActiveCfg = Release|Any CPU
		{DFF5F23B-756A-4203-92C1-DD209D34964D}.Release|Any CPU.Build.0 = Release|Any CPU
		{2BE461C3-D763-4908-B1FA-79F028871383}.Debug|Any CPU.ActiveCfg = Debug|Any CPU
		{2BE461C3-D763-4908-B1FA-79F028871383}.Debug|Any CPU.Build.0 = Debug|Any CPU
		{2BE461C3-D763-4908-B1FA-79F028871383}.Release|Any CPU.ActiveCfg = Release|Any CPU
		{2BE461C3-D763-4908-B1FA-79F028871383}.Release|Any CPU.Build.0 = Release|Any CPU
	EndGlobalSection
	GlobalSection(SolutionProperties) = preSolution
		HideSolutionNode = FALSE
	EndGlobalSection
	GlobalSection(ExtensibilityGlobals) = postSolution
		SolutionGuid = {88A23D79-F8DD-4C66-805F-250E15C4730B}
	EndGlobalSection
EndGlobal
