
Microsoft Visual Studio Solution File, Format Version 12.00
# Visual Studio Version 17
VisualStudioVersion = 17.9.34622.214
MinimumVisualStudioVersion = 10.0.40219.1
Project("{FAE04EC0-301F-11D3-BF4B-00C04F79EFBC}") = "NineChronicles.Mods.PVEHelper", "NineChronicles.Mods.PVEHelper\NineChronicles.Mods.PVEHelper.csproj", "{EDA8E2BF-27A4-4B90-A160-AD7BF75B00EF}"
EndProject
Global
	GlobalSection(SolutionConfigurationPlatforms) = preSolution
		Debug|Any CPU = Debug|Any CPU
		Release|Any CPU = Release|Any CPU
	EndGlobalSection
	GlobalSection(ProjectConfigurationPlatforms) = postSolution
		{EDA8E2BF-27A4-4B90-A160-AD7BF75B00EF}.Debug|Any CPU.ActiveCfg = Debug|Any CPU
		{EDA8E2BF-27A4-4B90-A160-AD7BF75B00EF}.Debug|Any CPU.Build.0 = Debug|Any CPU
		{EDA8E2BF-27A4-4B90-A160-AD7BF75B00EF}.Release|Any CPU.ActiveCfg = Release|Any CPU
		{EDA8E2BF-27A4-4B90-A160-AD7BF75B00EF}.Release|Any CPU.Build.0 = Release|Any CPU
	EndGlobalSection
	GlobalSection(SolutionProperties) = preSolution
		HideSolutionNode = FALSE
	EndGlobalSection
	GlobalSection(ExtensibilityGlobals) = postSolution
		SolutionGuid = {88A23D79-F8DD-4C66-805F-250E15C4730B}
	EndGlobalSection
EndGlobal
