
Microsoft Visual Studio Solution File, Format Version 12.00
# Visual Studio Version 17
VisualStudioVersion = 17.9.34622.214
MinimumVisualStudioVersion = 10.0.40219.1
Project("{9A19103F-16F7-4668-BE54-9A1E7A4F7556}") = "NineChronicles.Mods.Athena", "NineChronicles.Mods.Athena\NineChronicles.Mods.Athena.csproj", "{DE1CA732-244E-488E-8F92-81D37A695DB6}"
EndProject
Project("{9A19103F-16F7-4668-BE54-9A1E7A4F7556}") = "AdHoc.BurnAsset", "AdHoc.BurnAsset\AdHoc.BurnAsset.csproj", "{EECED0F2-D9AF-4886-A23B-CBA82B9D7B76}"
EndProject
Project("{9A19103F-16F7-4668-BE54-9A1E7A4F7556}") = "NineChronicles.Modules.BlockSimulation", "NineChronicles.Modules.BlockSimulation\NineChronicles.Modules.BlockSimulation.csproj", "{93BCEEF2-F74E-400D-BBD0-2FCB31FDEDBC}"
EndProject
Global
	GlobalSection(SolutionConfigurationPlatforms) = preSolution
		Debug|Any CPU = Debug|Any CPU
		Release|Any CPU = Release|Any CPU
	EndGlobalSection
	GlobalSection(ProjectConfigurationPlatforms) = postSolution
		{DE1CA732-244E-488E-8F92-81D37A695DB6}.Debug|Any CPU.ActiveCfg = Debug|Any CPU
		{DE1CA732-244E-488E-8F92-81D37A695DB6}.Debug|Any CPU.Build.0 = Debug|Any CPU
		{DE1CA732-244E-488E-8F92-81D37A695DB6}.Release|Any CPU.ActiveCfg = Release|Any CPU
		{DE1CA732-244E-488E-8F92-81D37A695DB6}.Release|Any CPU.Build.0 = Release|Any CPU
		{EECED0F2-D9AF-4886-A23B-CBA82B9D7B76}.Debug|Any CPU.ActiveCfg = Debug|Any CPU
		{EECED0F2-D9AF-4886-A23B-CBA82B9D7B76}.Debug|Any CPU.Build.0 = Debug|Any CPU
		{EECED0F2-D9AF-4886-A23B-CBA82B9D7B76}.Release|Any CPU.ActiveCfg = Release|Any CPU
		{EECED0F2-D9AF-4886-A23B-CBA82B9D7B76}.Release|Any CPU.Build.0 = Release|Any CPU
		{93BCEEF2-F74E-400D-BBD0-2FCB31FDEDBC}.Debug|Any CPU.ActiveCfg = Debug|Any CPU
		{93BCEEF2-F74E-400D-BBD0-2FCB31FDEDBC}.Debug|Any CPU.Build.0 = Debug|Any CPU
		{93BCEEF2-F74E-400D-BBD0-2FCB31FDEDBC}.Release|Any CPU.ActiveCfg = Release|Any CPU
		{93BCEEF2-F74E-400D-BBD0-2FCB31FDEDBC}.Release|Any CPU.Build.0 = Release|Any CPU
	EndGlobalSection
	GlobalSection(SolutionProperties) = preSolution
		HideSolutionNode = FALSE
	EndGlobalSection
	GlobalSection(ExtensibilityGlobals) = postSolution
		SolutionGuid = {88A23D79-F8DD-4C66-805F-250E15C4730B}
	EndGlobalSection
EndGlobal
